
Microsoft Visual Studio Solution File, Format Version 12.00
# Visual Studio Version 17
VisualStudioVersion = 17.0.32112.339
MinimumVisualStudioVersion = 10.0.40219.1
Project("{9A19103F-16F7-4668-BE54-9A1E7A4F7556}") = "Orders.Application", "Orders.Application\Orders.Application.csproj", "{31B80178-7663-4F50-9AB3-FF27AD33B63A}"
EndProject
Project("{9A19103F-16F7-4668-BE54-9A1E7A4F7556}") = "Orders.Domain", "Orders.Domain\Orders.Domain.csproj", "{9F0827BA-E7E2-4067-9FCF-E02BF1843667}"
EndProject
Project("{9A19103F-16F7-4668-BE54-9A1E7A4F7556}") = "Orders.Infrastructure", "Orders.Infrastructure\Orders.Infrastructure.csproj", "{EDC4CDE7-5D5F-4B08-8990-B4112778D2DF}"
EndProject
Project("{9A19103F-16F7-4668-BE54-9A1E7A4F7556}") = "Orders.API", "Orders.API\Orders.API.csproj", "{685523CF-D23A-40A5-B331-E65BAC54AFE0}"
EndProject
Project("{9A19103F-16F7-4668-BE54-9A1E7A4F7556}") = "TestAPI", "TestAPI\TestAPI.csproj", "{1D8FCFE9-689E-43ED-A267-9F85D802B6F5}"
EndProject
Project("{FAE04EC0-301F-11D3-BF4B-00C04F79EFBC}") = "TestApplication", "TestApplication\TestApplication.csproj", "{C2452BFD-2220-414B-8386-5D4D661446CA}"
EndProject
Global
	GlobalSection(SolutionConfigurationPlatforms) = preSolution
		Debug|Any CPU = Debug|Any CPU
		Release|Any CPU = Release|Any CPU
	EndGlobalSection
	GlobalSection(ProjectConfigurationPlatforms) = postSolution
		{31B80178-7663-4F50-9AB3-FF27AD33B63A}.Debug|Any CPU.ActiveCfg = Debug|Any CPU
		{31B80178-7663-4F50-9AB3-FF27AD33B63A}.Debug|Any CPU.Build.0 = Debug|Any CPU
		{31B80178-7663-4F50-9AB3-FF27AD33B63A}.Release|Any CPU.ActiveCfg = Release|Any CPU
		{31B80178-7663-4F50-9AB3-FF27AD33B63A}.Release|Any CPU.Build.0 = Release|Any CPU
		{9F0827BA-E7E2-4067-9FCF-E02BF1843667}.Debug|Any CPU.ActiveCfg = Debug|Any CPU
		{9F0827BA-E7E2-4067-9FCF-E02BF1843667}.Debug|Any CPU.Build.0 = Debug|Any CPU
		{9F0827BA-E7E2-4067-9FCF-E02BF1843667}.Release|Any CPU.ActiveCfg = Release|Any CPU
		{9F0827BA-E7E2-4067-9FCF-E02BF1843667}.Release|Any CPU.Build.0 = Release|Any CPU
		{EDC4CDE7-5D5F-4B08-8990-B4112778D2DF}.Debug|Any CPU.ActiveCfg = Debug|Any CPU
		{EDC4CDE7-5D5F-4B08-8990-B4112778D2DF}.Debug|Any CPU.Build.0 = Debug|Any CPU
		{EDC4CDE7-5D5F-4B08-8990-B4112778D2DF}.Release|Any CPU.ActiveCfg = Release|Any CPU
		{EDC4CDE7-5D5F-4B08-8990-B4112778D2DF}.Release|Any CPU.Build.0 = Release|Any CPU
		{685523CF-D23A-40A5-B331-E65BAC54AFE0}.Debug|Any CPU.ActiveCfg = Debug|Any CPU
		{685523CF-D23A-40A5-B331-E65BAC54AFE0}.Debug|Any CPU.Build.0 = Debug|Any CPU
		{685523CF-D23A-40A5-B331-E65BAC54AFE0}.Release|Any CPU.ActiveCfg = Release|Any CPU
		{685523CF-D23A-40A5-B331-E65BAC54AFE0}.Release|Any CPU.Build.0 = Release|Any CPU
		{1D8FCFE9-689E-43ED-A267-9F85D802B6F5}.Debug|Any CPU.ActiveCfg = Debug|Any CPU
		{1D8FCFE9-689E-43ED-A267-9F85D802B6F5}.Debug|Any CPU.Build.0 = Debug|Any CPU
		{1D8FCFE9-689E-43ED-A267-9F85D802B6F5}.Release|Any CPU.ActiveCfg = Release|Any CPU
		{1D8FCFE9-689E-43ED-A267-9F85D802B6F5}.Release|Any CPU.Build.0 = Release|Any CPU
		{C2452BFD-2220-414B-8386-5D4D661446CA}.Debug|Any CPU.ActiveCfg = Debug|Any CPU
		{C2452BFD-2220-414B-8386-5D4D661446CA}.Debug|Any CPU.Build.0 = Debug|Any CPU
		{C2452BFD-2220-414B-8386-5D4D661446CA}.Release|Any CPU.ActiveCfg = Release|Any CPU
		{C2452BFD-2220-414B-8386-5D4D661446CA}.Release|Any CPU.Build.0 = Release|Any CPU
	EndGlobalSection
	GlobalSection(SolutionProperties) = preSolution
		HideSolutionNode = FALSE
	EndGlobalSection
	GlobalSection(ExtensibilityGlobals) = postSolution
		SolutionGuid = {A1A9D7E2-2990-4227-ABE8-6C36AC00E80A}
	EndGlobalSection
EndGlobal
